
Microsoft Visual Studio Solution File, Format Version 12.00
# Visual Studio 2013
VisualStudioVersion = 12.0.21005.1
MinimumVisualStudioVersion = 10.0.40219.1
Project("{FAE04EC0-301F-11D3-BF4B-00C04F79EFBC}") = "MvcBoilerPlate", "MvcBoilerPlate\MvcBoilerPlate.csproj", "{5B0E0D40-FC3A-49AB-B29F-D0D401811EA6}"
EndProject
Project("{00D1A9C2-B5F0-4AF3-8072-F6C62B433612}") = "Database", "Database\Database.sqlproj", "{43B00808-F922-4F93-9482-25960E260F5E}"
EndProject
Global
	GlobalSection(SolutionConfigurationPlatforms) = preSolution
		Debug|Any CPU = Debug|Any CPU
		Release|Any CPU = Release|Any CPU
	EndGlobalSection
	GlobalSection(ProjectConfigurationPlatforms) = postSolution
		{5B0E0D40-FC3A-49AB-B29F-D0D401811EA6}.Debug|Any CPU.ActiveCfg = Debug|Any CPU
		{5B0E0D40-FC3A-49AB-B29F-D0D401811EA6}.Debug|Any CPU.Build.0 = Debug|Any CPU
		{5B0E0D40-FC3A-49AB-B29F-D0D401811EA6}.Release|Any CPU.ActiveCfg = Release|Any CPU
		{5B0E0D40-FC3A-49AB-B29F-D0D401811EA6}.Release|Any CPU.Build.0 = Release|Any CPU
		{43B00808-F922-4F93-9482-25960E260F5E}.Debug|Any CPU.ActiveCfg = Debug|Any CPU
		{43B00808-F922-4F93-9482-25960E260F5E}.Debug|Any CPU.Build.0 = Debug|Any CPU
		{43B00808-F922-4F93-9482-25960E260F5E}.Debug|Any CPU.Deploy.0 = Debug|Any CPU
		{43B00808-F922-4F93-9482-25960E260F5E}.Release|Any CPU.ActiveCfg = Release|Any CPU
		{43B00808-F922-4F93-9482-25960E260F5E}.Release|Any CPU.Build.0 = Release|Any CPU
		{43B00808-F922-4F93-9482-25960E260F5E}.Release|Any CPU.Deploy.0 = Release|Any CPU
	EndGlobalSection
	GlobalSection(SolutionProperties) = preSolution
		HideSolutionNode = FALSE
	EndGlobalSection
EndGlobal
